
Microsoft Visual Studio Solution File, Format Version 12.00
# Visual Studio 14
VisualStudioVersion = 14.0.25123.0
MinimumVisualStudioVersion = 10.0.40219.1
Project("{FAE04EC0-301F-11D3-BF4B-00C04F79EFBC}") = "RubberPlant", "RubberPlant\RubberPlant.csproj", "{8ADB7F89-25DA-4AD4-B3E0-7F3BAD001BA6}"
EndProject
Project("{FAE04EC0-301F-11D3-BF4B-00C04F79EFBC}") = "RubberPlant.Tests", "RubberPlant.Tests\RubberPlant.Tests.csproj", "{AEF965C9-EDCA-4074-9D28-55CC01FAB3E6}"
EndProject
Project("{FAE04EC0-301F-11D3-BF4B-00C04F79EFBC}") = "RubberPlant.App", "RubberPlant.App\RubberPlant.App.csproj", "{F7096F5A-8E58-4CB9-A911-27F91BF90680}"
EndProject
Global
	GlobalSection(SolutionConfigurationPlatforms) = preSolution
		Debug|Any CPU = Debug|Any CPU
		Release|Any CPU = Release|Any CPU
	EndGlobalSection
	GlobalSection(ProjectConfigurationPlatforms) = postSolution
		{8ADB7F89-25DA-4AD4-B3E0-7F3BAD001BA6}.Debug|Any CPU.ActiveCfg = Debug|Any CPU
		{8ADB7F89-25DA-4AD4-B3E0-7F3BAD001BA6}.Debug|Any CPU.Build.0 = Debug|Any CPU
		{8ADB7F89-25DA-4AD4-B3E0-7F3BAD001BA6}.Release|Any CPU.ActiveCfg = Release|Any CPU
		{8ADB7F89-25DA-4AD4-B3E0-7F3BAD001BA6}.Release|Any CPU.Build.0 = Release|Any CPU
		{AEF965C9-EDCA-4074-9D28-55CC01FAB3E6}.Debug|Any CPU.ActiveCfg = Debug|Any CPU
		{AEF965C9-EDCA-4074-9D28-55CC01FAB3E6}.Debug|Any CPU.Build.0 = Debug|Any CPU
		{AEF965C9-EDCA-4074-9D28-55CC01FAB3E6}.Release|Any CPU.ActiveCfg = Release|Any CPU
		{AEF965C9-EDCA-4074-9D28-55CC01FAB3E6}.Release|Any CPU.Build.0 = Release|Any CPU
		{F7096F5A-8E58-4CB9-A911-27F91BF90680}.Debug|Any CPU.ActiveCfg = Debug|Any CPU
		{F7096F5A-8E58-4CB9-A911-27F91BF90680}.Debug|Any CPU.Build.0 = Debug|Any CPU
		{F7096F5A-8E58-4CB9-A911-27F91BF90680}.Release|Any CPU.ActiveCfg = Release|Any CPU
		{F7096F5A-8E58-4CB9-A911-27F91BF90680}.Release|Any CPU.Build.0 = Release|Any CPU
	EndGlobalSection
	GlobalSection(SolutionProperties) = preSolution
		HideSolutionNode = FALSE
	EndGlobalSection
EndGlobal
